{
  "version": 4,
  "terraform_version": "1.0.11",
  "serial": 7,
  "lineage": "26f79369-ccb2-3cbf-6eb6-a313b93b5767",
  "outputs": {},
  "resources": [
    {
      "mode": "managed",
      "type": "aws_vpc",
      "name": "main",
      "provider": "provider[\"registry.terraform.io/hashicorp/aws\"]",
      "instances": [
        {
          "schema_version": 1,
          "attributes": {
            "arn": "arn:aws:ec2:ap-south-1:615086145317:vpc/vpc-09d59fe18330e41a0",
            "assign_generated_ipv6_cidr_block": false,
            "cidr_block": "172.20.0.0/16",
            "default_network_acl_id": "acl-0b1cd9a2f12128d80",
            "default_route_table_id": "rtb-0ef952c5f47fad214",
            "default_security_group_id": "sg-0fa580eb3679a48c2",
            "dhcp_options_id": "dopt-3e289955",
            "enable_classiclink": null,
            "enable_classiclink_dns_support": null,
            "enable_dns_hostnames": false,
            "enable_dns_support": true,
            "id": "vpc-09d59fe18330e41a0",
            "instance_tenancy": "default",
            "ipv6_association_id": "",
            "ipv6_cidr_block": "",
            "main_route_table_id": "rtb-0ef952c5f47fad214",
            "owner_id": "615086145317",
            "tags": {
              "Location": "chennai",
              "Name": "Terraform Vpc"
            },
            "tags_all": {
              "Location": "chennai",
              "Name": "Terraform Vpc"
            }
          },
          "sensitive_attributes": [],
          "private": "eyJzY2hlbWFfdmVyc2lvbiI6IjEifQ=="
        }
      ]
    }
  ]
}
